
Microsoft Visual Studio Solution File, Format Version 12.00
# Visual Studio Version 16
VisualStudioVersion = 16.0.31515.178
MinimumVisualStudioVersion = 10.0.40219.1
Project("{9A19103F-16F7-4668-BE54-9A1E7A4F7556}") = "Consensus", "Consensus\Consensus.csproj", "{4DCC90CB-A09D-42F2-AEE0-877278ACA017}"
EndProject
Project("{FAE04EC0-301F-11D3-BF4B-00C04F79EFBC}") = "ConsensusTest", "ConsensusTest\ConsensusTest.csproj", "{050FD377-9D9C-4703-99E3-400D8D9DF7FB}"
EndProject
Global
	GlobalSection(SolutionConfigurationPlatforms) = preSolution
		Debug|Any CPU = Debug|Any CPU
		Release|Any CPU = Release|Any CPU
	EndGlobalSection
	GlobalSection(ProjectConfigurationPlatforms) = postSolution
		{4DCC90CB-A09D-42F2-AEE0-877278ACA017}.Debug|Any CPU.ActiveCfg = Debug|Any CPU
		{4DCC90CB-A09D-42F2-AEE0-877278ACA017}.Debug|Any CPU.Build.0 = Debug|Any CPU
		{4DCC90CB-A09D-42F2-AEE0-877278ACA017}.Release|Any CPU.ActiveCfg = Release|Any CPU
		{4DCC90CB-A09D-42F2-AEE0-877278ACA017}.Release|Any CPU.Build.0 = Release|Any CPU
		{050FD377-9D9C-4703-99E3-400D8D9DF7FB}.Debug|Any CPU.ActiveCfg = Debug|Any CPU
		{050FD377-9D9C-4703-99E3-400D8D9DF7FB}.Debug|Any CPU.Build.0 = Debug|Any CPU
		{050FD377-9D9C-4703-99E3-400D8D9DF7FB}.Release|Any CPU.ActiveCfg = Release|Any CPU
		{050FD377-9D9C-4703-99E3-400D8D9DF7FB}.Release|Any CPU.Build.0 = Release|Any CPU
	EndGlobalSection
	GlobalSection(SolutionProperties) = preSolution
		HideSolutionNode = FALSE
	EndGlobalSection
	GlobalSection(ExtensibilityGlobals) = postSolution
		SolutionGuid = {DC4CDFDD-C286-458F-A98A-F1B0E98D0177}
	EndGlobalSection
EndGlobal
